
Microsoft Visual Studio Solution File, Format Version 12.00
# Visual Studio Version 16
VisualStudioVersion = 16.0.29424.173
MinimumVisualStudioVersion = 10.0.40219.1
Project("{FAE04EC0-301F-11D3-BF4B-00C04F79EFBC}") = "PPTSlideGenerator", "PPTSlideGenerator.csproj", "{FC55DB66-0993-420C-AEFD-C0A082570A16}"
EndProject
Project("{FAE04EC0-301F-11D3-BF4B-00C04F79EFBC}") = "PPTSlideGeneratorTest", "..\PPTSlideGeneratorTest\PPTSlideGeneratorTest.csproj", "{4D4E3315-4CFC-46FD-BE90-2DFFA0AEE550}"
EndProject
Global
	GlobalSection(SolutionConfigurationPlatforms) = preSolution
		Debug|Any CPU = Debug|Any CPU
		Release|Any CPU = Release|Any CPU
	EndGlobalSection
	GlobalSection(ProjectConfigurationPlatforms) = postSolution
		{FC55DB66-0993-420C-AEFD-C0A082570A16}.Debug|Any CPU.ActiveCfg = Debug|Any CPU
		{FC55DB66-0993-420C-AEFD-C0A082570A16}.Debug|Any CPU.Build.0 = Debug|Any CPU
		{FC55DB66-0993-420C-AEFD-C0A082570A16}.Release|Any CPU.ActiveCfg = Release|Any CPU
		{FC55DB66-0993-420C-AEFD-C0A082570A16}.Release|Any CPU.Build.0 = Release|Any CPU
		{4D4E3315-4CFC-46FD-BE90-2DFFA0AEE550}.Debug|Any CPU.ActiveCfg = Debug|Any CPU
		{4D4E3315-4CFC-46FD-BE90-2DFFA0AEE550}.Debug|Any CPU.Build.0 = Debug|Any CPU
		{4D4E3315-4CFC-46FD-BE90-2DFFA0AEE550}.Release|Any CPU.ActiveCfg = Release|Any CPU
		{4D4E3315-4CFC-46FD-BE90-2DFFA0AEE550}.Release|Any CPU.Build.0 = Release|Any CPU
	EndGlobalSection
	GlobalSection(SolutionProperties) = preSolution
		HideSolutionNode = FALSE
	EndGlobalSection
	GlobalSection(ExtensibilityGlobals) = postSolution
		SolutionGuid = {7F437860-8262-4B74-AC01-BED078045399}
	EndGlobalSection
EndGlobal
